{
  "name": "demo",
  "version": "1.0.0",
  "lockfileVersion": 1,
  "requires": true,
  "dependencies": {
    "bel": {
      "version": "5.1.5",
      "resolved": "https://registry.npmjs.org/bel/-/bel-5.1.5.tgz",
      "integrity": "sha512-t9R67SKL3lRygFqhrsHfw5w3lAi541pyQD+xdxpClTpxKN+ooW8WcqNXTysoIYQda0qu7aqJVZruwHm4WaQ8mw==",
      "requires": {
        "hyperx": "2.3.2",
        "is-electron": "2.1.0",
        "pelo": "0.0.4"
      }
    },
    "hyperscript-attribute-to-property": {
      "version": "1.0.0",
      "resolved": "https://registry.npmjs.org/hyperscript-attribute-to-property/-/hyperscript-attribute-to-property-1.0.0.tgz",
      "integrity": "sha1-glMI1Ju44pV5I/cxmBvMgRytev8="
    },
    "hyperx": {
      "version": "2.3.2",
      "resolved": "https://registry.npmjs.org/hyperx/-/hyperx-2.3.2.tgz",
      "integrity": "sha512-fYFJn0kVMHpkLJKzqGXfs0+p26NH0R3PsLWQGZ5Enbp1jcyEK9U9uJGnsRKPgBCoQ6bVzkV+srwHVFc2+pHfYQ==",
      "requires": {
        "hyperscript-attribute-to-property": "1.0.0"
      }
    },
    "is-electron": {
      "version": "2.1.0",
      "resolved": "https://registry.npmjs.org/is-electron/-/is-electron-2.1.0.tgz",
      "integrity": "sha512-dkg5xT383+M6zIbbXW/z7n2nz4SFUi2OSyhntnFYkRdtV+HVEfdjEK+5AWisfYgkpe3WYjTIuh7toaKmSfFVWw=="
    },
    "pelo": {
      "version": "0.0.4",
      "resolved": "https://registry.npmjs.org/pelo/-/pelo-0.0.4.tgz",
      "integrity": "sha1-yjDI1ZpmnTtDptFMKGgcohtgSw8="
    },
    "tachyons": {
      "version": "4.9.0",
      "resolved": "https://registry.npmjs.org/tachyons/-/tachyons-4.9.0.tgz",
      "integrity": "sha512-bq40Dxl0Q9LFcFsoU4BmTlR4Y9Ta/9AClAhmKhBBdXN0isup9dXtYmFIJGYHz2EOVOf/gO/FONEH0BDa/iNYkg=="
    },
    "wabt": {
      "version": "0.0.13",
      "resolved": "https://registry.npmjs.org/wabt/-/wabt-0.0.13.tgz",
      "integrity": "sha512-DdW0NE3IFq8mO6NShZI3Htxw+RLuvvIIlsflFKdijeb3fw1uSE74rQc9qhLoJCykWNY41AAVRgvmii8o4q4sLw=="
    }
  }
}
