{
  "name": "demo",
  "version": "1.0.0",
  "lockfileVersion": 1,
  "requires": true,
  "dependencies": {
    "bel": {
      "version": "6.0.0",
      "resolved": "https://registry.npmjs.org/bel/-/bel-6.0.0.tgz",
      "integrity": "sha512-KXYw+v9f7szrr0750pJ2vJbM40TLCKVd7kZv7tR/Cw8vShvR3+ouZZfZqU4nSkDuWBru7JhRPExq33bGsnCINg==",
      "requires": {
        "hyperx": "2.4.0",
        "is-electron": "2.1.0",
        "pelo": "0.1.0"
      }
    },
    "hyperscript-attribute-to-property": {
      "version": "1.0.0",
      "resolved": "https://registry.npmjs.org/hyperscript-attribute-to-property/-/hyperscript-attribute-to-property-1.0.0.tgz",
      "integrity": "sha1-glMI1Ju44pV5I/cxmBvMgRytev8="
    },
    "hyperx": {
      "version": "2.4.0",
      "resolved": "https://registry.npmjs.org/hyperx/-/hyperx-2.4.0.tgz",
      "integrity": "sha512-43jbOQfVkm9U0oAyBZ4Vt2eB0hZWS5EyrOhR3ZbgUrcprutGu9s/C476OVFL3QU1iynKO5s9kZsWrZm19gJKjg==",
      "requires": {
        "hyperscript-attribute-to-property": "1.0.0"
      }
    },
    "is-electron": {
      "version": "2.1.0",
      "resolved": "https://registry.npmjs.org/is-electron/-/is-electron-2.1.0.tgz",
      "integrity": "sha512-dkg5xT383+M6zIbbXW/z7n2nz4SFUi2OSyhntnFYkRdtV+HVEfdjEK+5AWisfYgkpe3WYjTIuh7toaKmSfFVWw=="
    },
    "pelo": {
      "version": "0.1.0",
      "resolved": "https://registry.npmjs.org/pelo/-/pelo-0.1.0.tgz",
      "integrity": "sha512-+oVixa69fxS/X+3s1DaSJVQLG/ukHfjK2pHCmpIgjRChp73lnAfbqOYZ0MEo5C5yVkYeUJSoWAcRK0lx0hvOjQ=="
    },
    "tachyons": {
      "version": "4.9.1",
      "resolved": "https://registry.npmjs.org/tachyons/-/tachyons-4.9.1.tgz",
      "integrity": "sha512-trJFXhzDZeHRcd9Bqn6ub3e0VqGWKMsGdP7RJoT+8Ihoak41o1qCwqcFx8hsFlfFWa6a4jsb464TNXnTt+MPnw=="
    },
    "wabt": {
      "version": "1.0.0",
      "resolved": "https://registry.npmjs.org/wabt/-/wabt-1.0.0.tgz",
      "integrity": "sha512-Apt7rylKNS2VWMMYgY43aYStopVpc9wCJ16y0CznaWcJC2vs7BLVGAV6pffBqn28BfWYeYVA92zRwBstaq1zaA=="
    }
  }
}
